// !$*UTF8*$!
{
	archiveVersion = 1;
	classes = {
	};
	objectVersion = 46;
	objects = {

/* Begin PBXBuildFile section */
		23A986491B83756900ECC797 /* GLFob.swift in Sources */ = {isa = PBXBuildFile; fileRef = 23A986481B83756900ECC797 /* GLFob.swift */; };
		23A9864B1B837C2700ECC797 /* CoreBluetooth.framework in Frameworks */ = {isa = PBXBuildFile; fileRef = 23A9864A1B837C2700ECC797 /* CoreBluetooth.framework */; };
		23A9864D1B837C8A00ECC797 /* Fob.swift in Sources */ = {isa = PBXBuildFile; fileRef = 23A9864C1B837C8A00ECC797 /* Fob.swift */; };
		23D824A21B82595C000B1626 /* AppDelegate.swift in Sources */ = {isa = PBXBuildFile; fileRef = 23D824A11B82595C000B1626 /* AppDelegate.swift */; };
		23D824A41B82595C000B1626 /* ViewController.swift in Sources */ = {isa = PBXBuildFile; fileRef = 23D824A31B82595C000B1626 /* ViewController.swift */; };
		23D824A71B82595C000B1626 /* Main.storyboard in Resources */ = {isa = PBXBuildFile; fileRef = 23D824A51B82595C000B1626 /* Main.storyboard */; };
		23D824A91B82595C000B1626 /* Images.xcassets in Resources */ = {isa = PBXBuildFile; fileRef = 23D824A81B82595C000B1626 /* Images.xcassets */; };
		23D824AC1B82595C000B1626 /* LaunchScreen.xib in Resources */ = {isa = PBXBuildFile; fileRef = 23D824AA1B82595C000B1626 /* LaunchScreen.xib */; };
		23D824B81B82595D000B1626 /* BLECentralTestTests.swift in Sources */ = {isa = PBXBuildFile; fileRef = 23D824B71B82595C000B1626 /* BLECentralTestTests.swift */; };
		23D824C21B825994000B1626 /* BLEManager.swift in Sources */ = {isa = PBXBuildFile; fileRef = 23D824C11B825994000B1626 /* BLEManager.swift */; };
		23D824C41B825A12000B1626 /* Constants.swift in Sources */ = {isa = PBXBuildFile; fileRef = 23D824C31B825A12000B1626 /* Constants.swift */; };
		23D824C61B825ABA000B1626 /* Diagnostics.swift in Sources */ = {isa = PBXBuildFile; fileRef = 23D824C51B825ABA000B1626 /* Diagnostics.swift */; };
/* End PBXBuildFile section */

/* Begin PBXContainerItemProxy section */
		23D824B21B82595C000B1626 /* PBXContainerItemProxy */ = {
			isa = PBXContainerItemProxy;
			containerPortal = 23D824941B82595C000B1626 /* Project object */;
			proxyType = 1;
			remoteGlobalIDString = 23D8249B1B82595C000B1626;
			remoteInfo = BLECentralTest;
		};
/* End PBXContainerItemProxy section */

/* Begin PBXFileReference section */
		23A986481B83756900ECC797 /* GLFob.swift */ = {isa = PBXFileReference; fileEncoding = 4; lastKnownFileType = sourcecode.swift; path = GLFob.swift; sourceTree = "<group>"; };
		23A9864A1B837C2700ECC797 /* CoreBluetooth.framework */ = {isa = PBXFileReference; lastKnownFileType = wrapper.framework; name = CoreBluetooth.framework; path = System/Library/Frameworks/CoreBluetooth.framework; sourceTree = SDKROOT; };
		23A9864C1B837C8A00ECC797 /* Fob.swift */ = {isa = PBXFileReference; fileEncoding = 4; lastKnownFileType = sourcecode.swift; path = Fob.swift; sourceTree = "<group>"; };
		23D8249C1B82595C000B1626 /* BLECentralTest.app */ = {isa = PBXFileReference; explicitFileType = wrapper.application; includeInIndex = 0; path = BLECentralTest.app; sourceTree = BUILT_PRODUCTS_DIR; };
		23D824A01B82595C000B1626 /* Info.plist */ = {isa = PBXFileReference; lastKnownFileType = text.plist.xml; path = Info.plist; sourceTree = "<group>"; };
		23D824A11B82595C000B1626 /* AppDelegate.swift */ = {isa = PBXFileReference; lastKnownFileType = sourcecode.swift; path = AppDelegate.swift; sourceTree = "<group>"; };
		23D824A31B82595C000B1626 /* ViewController.swift */ = {isa = PBXFileReference; lastKnownFileType = sourcecode.swift; path = ViewController.swift; sourceTree = "<group>"; };
		23D824A61B82595C000B1626 /* Base */ = {isa = PBXFileReference; lastKnownFileType = file.storyboard; name = Base; path = Base.lproj/Main.storyboard; sourceTree = "<group>"; };
		23D824A81B82595C000B1626 /* Images.xcassets */ = {isa = PBXFileReference; lastKnownFileType = folder.assetcatalog; path = Images.xcassets; sourceTree = "<group>"; };
		23D824AB1B82595C000B1626 /* Base */ = {isa = PBXFileReference; lastKnownFileType = file.xib; name = Base; path = Base.lproj/LaunchScreen.xib; sourceTree = "<group>"; };
		23D824B11B82595C000B1626 /* BLECentralTestTests.xctest */ = {isa = PBXFileReference; explicitFileType = wrapper.cfbundle; includeInIndex = 0; path = BLECentralTestTests.xctest; sourceTree = BUILT_PRODUCTS_DIR; };
		23D824B61B82595C000B1626 /* Info.plist */ = {isa = PBXFileReference; lastKnownFileType = text.plist.xml; path = Info.plist; sourceTree = "<group>"; };
		23D824B71B82595C000B1626 /* BLECentralTestTests.swift */ = {isa = PBXFileReference; lastKnownFileType = sourcecode.swift; path = BLECentralTestTests.swift; sourceTree = "<group>"; };
		23D824C11B825994000B1626 /* BLEManager.swift */ = {isa = PBXFileReference; fileEncoding = 4; lastKnownFileType = sourcecode.swift; path = BLEManager.swift; sourceTree = "<group>"; };
		23D824C31B825A12000B1626 /* Constants.swift */ = {isa = PBXFileReference; fileEncoding = 4; lastKnownFileType = sourcecode.swift; path = Constants.swift; sourceTree = "<group>"; };
		23D824C51B825ABA000B1626 /* Diagnostics.swift */ = {isa = PBXFileReference; fileEncoding = 4; lastKnownFileType = sourcecode.swift; path = Diagnostics.swift; sourceTree = "<group>"; };
/* End PBXFileReference section */

/* Begin PBXFrameworksBuildPhase section */
		23D824991B82595C000B1626 /* Frameworks */ = {
			isa = PBXFrameworksBuildPhase;
			buildActionMask = 2147483647;
			files = (
				23A9864B1B837C2700ECC797 /* CoreBluetooth.framework in Frameworks */,
			);
			runOnlyForDeploymentPostprocessing = 0;
		};
		23D824AE1B82595C000B1626 /* Frameworks */ = {
			isa = PBXFrameworksBuildPhase;
			buildActionMask = 2147483647;
			files = (
			);
			runOnlyForDeploymentPostprocessing = 0;
		};
/* End PBXFrameworksBuildPhase section */

/* Begin PBXGroup section */
		23D824931B82595C000B1626 = {
			isa = PBXGroup;
			children = (
				23A9864A1B837C2700ECC797 /* CoreBluetooth.framework */,
				23D8249E1B82595C000B1626 /* BLECentralTest */,
				23D824B41B82595C000B1626 /* BLECentralTestTests */,
				23D8249D1B82595C000B1626 /* Products */,
			);
			sourceTree = "<group>";
		};
		23D8249D1B82595C000B1626 /* Products */ = {
			isa = PBXGroup;
			children = (
				23D8249C1B82595C000B1626 /* BLECentralTest.app */,
				23D824B11B82595C000B1626 /* BLECentralTestTests.xctest */,
			);
			name = Products;
			sourceTree = "<group>";
		};
		23D8249E1B82595C000B1626 /* BLECentralTest */ = {
			isa = PBXGroup;
			children = (
				23D824C31B825A12000B1626 /* Constants.swift */,
				23D824C11B825994000B1626 /* BLEManager.swift */,
				23A9864C1B837C8A00ECC797 /* Fob.swift */,
				23D824C51B825ABA000B1626 /* Diagnostics.swift */,
				23D824A11B82595C000B1626 /* AppDelegate.swift */,
				23D824A31B82595C000B1626 /* ViewController.swift */,
				23D824A51B82595C000B1626 /* Main.storyboard */,
				23A986481B83756900ECC797 /* GLFob.swift */,
				23D824A81B82595C000B1626 /* Images.xcassets */,
				23D824AA1B82595C000B1626 /* LaunchScreen.xib */,
				23D8249F1B82595C000B1626 /* Supporting Files */,
			);
			path = BLECentralTest;
			sourceTree = "<group>";
		};
		23D8249F1B82595C000B1626 /* Supporting Files */ = {
			isa = PBXGroup;
			children = (
				23D824A01B82595C000B1626 /* Info.plist */,
			);
			name = "Supporting Files";
			sourceTree = "<group>";
		};
		23D824B41B82595C000B1626 /* BLECentralTestTests */ = {
			isa = PBXGroup;
			children = (
				23D824B71B82595C000B1626 /* BLECentralTestTests.swift */,
				23D824B51B82595C000B1626 /* Supporting Files */,
			);
			path = BLECentralTestTests;
			sourceTree = "<group>";
		};
		23D824B51B82595C000B1626 /* Supporting Files */ = {
			isa = PBXGroup;
			children = (
				23D824B61B82595C000B1626 /* Info.plist */,
			);
			name = "Supporting Files";
			sourceTree = "<group>";
		};
/* End PBXGroup section */

/* Begin PBXNativeTarget section */
		23D8249B1B82595C000B1626 /* BLECentralTest */ = {
			isa = PBXNativeTarget;
			buildConfigurationList = 23D824BB1B82595D000B1626 /* Build configuration list for PBXNativeTarget "BLECentralTest" */;
			buildPhases = (
				23D824981B82595C000B1626 /* Sources */,
				23D824991B82595C000B1626 /* Frameworks */,
				23D8249A1B82595C000B1626 /* Resources */,
			);
			buildRules = (
			);
			dependencies = (
			);
			name = BLECentralTest;
			productName = BLECentralTest;
			productReference = 23D8249C1B82595C000B1626 /* BLECentralTest.app */;
			productType = "com.apple.product-type.application";
		};
		23D824B01B82595C000B1626 /* BLECentralTestTests */ = {
			isa = PBXNativeTarget;
			buildConfigurationList = 23D824BE1B82595D000B1626 /* Build configuration list for PBXNativeTarget "BLECentralTestTests" */;
			buildPhases = (
				23D824AD1B82595C000B1626 /* Sources */,
				23D824AE1B82595C000B1626 /* Frameworks */,
				23D824AF1B82595C000B1626 /* Resources */,
			);
			buildRules = (
			);
			dependencies = (
				23D824B31B82595C000B1626 /* PBXTargetDependency */,
			);
			name = BLECentralTestTests;
			productName = BLECentralTestTests;
			productReference = 23D824B11B82595C000B1626 /* BLECentralTestTests.xctest */;
			productType = "com.apple.product-type.bundle.unit-test";
		};
/* End PBXNativeTarget section */

/* Begin PBXProject section */
		23D824941B82595C000B1626 /* Project object */ = {
			isa = PBXProject;
			attributes = {
				LastSwiftMigration = 0700;
				LastSwiftUpdateCheck = 0700;
				LastUpgradeCheck = 0640;
				ORGANIZATIONNAME = "Windy City Lab";
				TargetAttributes = {
					23D8249B1B82595C000B1626 = {
						CreatedOnToolsVersion = 6.4;
						DevelopmentTeam = 4K7853APAS;
					};
					23D824B01B82595C000B1626 = {
						CreatedOnToolsVersion = 6.4;
						TestTargetID = 23D8249B1B82595C000B1626;
					};
				};
			};
			buildConfigurationList = 23D824971B82595C000B1626 /* Build configuration list for PBXProject "BLECentralTest" */;
			compatibilityVersion = "Xcode 3.2";
			developmentRegion = English;
			hasScannedForEncodings = 0;
			knownRegions = (
				en,
				Base,
			);
			mainGroup = 23D824931B82595C000B1626;
			productRefGroup = 23D8249D1B82595C000B1626 /* Products */;
			projectDirPath = "";
			projectRoot = "";
			targets = (
				23D8249B1B82595C000B1626 /* BLECentralTest */,
				23D824B01B82595C000B1626 /* BLECentralTestTests */,
			);
		};
/* End PBXProject section */

/* Begin PBXResourcesBuildPhase section */
		23D8249A1B82595C000B1626 /* Resources */ = {
			isa = PBXResourcesBuildPhase;
			buildActionMask = 2147483647;
			files = (
				23D824A71B82595C000B1626 /* Main.storyboard in Resources */,
				23D824AC1B82595C000B1626 /* LaunchScreen.xib in Resources */,
				23D824A91B82595C000B1626 /* Images.xcassets in Resources */,
			);
			runOnlyForDeploymentPostprocessing = 0;
		};
		23D824AF1B82595C000B1626 /* Resources */ = {
			isa = PBXResourcesBuildPhase;
			buildActionMask = 2147483647;
			files = (
			);
			runOnlyForDeploymentPostprocessing = 0;
		};
/* End PBXResourcesBuildPhase section */

/* Begin PBXSourcesBuildPhase section */
		23D824981B82595C000B1626 /* Sources */ = {
			isa = PBXSourcesBuildPhase;
			buildActionMask = 2147483647;
			files = (
				23A986491B83756900ECC797 /* GLFob.swift in Sources */,
				23A9864D1B837C8A00ECC797 /* Fob.swift in Sources */,
				23D824A41B82595C000B1626 /* ViewController.swift in Sources */,
				23D824C21B825994000B1626 /* BLEManager.swift in Sources */,
				23D824A21B82595C000B1626 /* AppDelegate.swift in Sources */,
				23D824C61B825ABA000B1626 /* Diagnostics.swift in Sources */,
				23D824C41B825A12000B1626 /* Constants.swift in Sources */,
			);
			runOnlyForDeploymentPostprocessing = 0;
		};
		23D824AD1B82595C000B1626 /* Sources */ = {
			isa = PBXSourcesBuildPhase;
			buildActionMask = 2147483647;
			files = (
				23D824B81B82595D000B1626 /* BLECentralTestTests.swift in Sources */,
			);
			runOnlyForDeploymentPostprocessing = 0;
		};
/* End PBXSourcesBuildPhase section */

/* Begin PBXTargetDependency section */
		23D824B31B82595C000B1626 /* PBXTargetDependency */ = {
			isa = PBXTargetDependency;
			target = 23D8249B1B82595C000B1626 /* BLECentralTest */;
			targetProxy = 23D824B21B82595C000B1626 /* PBXContainerItemProxy */;
		};
/* End PBXTargetDependency section */

/* Begin PBXVariantGroup section */
		23D824A51B82595C000B1626 /* Main.storyboard */ = {
			isa = PBXVariantGroup;
			children = (
				23D824A61B82595C000B1626 /* Base */,
			);
			name = Main.storyboard;
			sourceTree = "<group>";
		};
		23D824AA1B82595C000B1626 /* LaunchScreen.xib */ = {
			isa = PBXVariantGroup;
			children = (
				23D824AB1B82595C000B1626 /* Base */,
			);
			name = LaunchScreen.xib;
			sourceTree = "<group>";
		};
/* End PBXVariantGroup section */

/* Begin XCBuildConfiguration section */
		23D824B91B82595D000B1626 /* Debug */ = {
			isa = XCBuildConfiguration;
			buildSettings = {
				ALWAYS_SEARCH_USER_PATHS = NO;
				CLANG_CXX_LANGUAGE_STANDARD = "gnu++0x";
				CLANG_CXX_LIBRARY = "libc++";
				CLANG_ENABLE_MODULES = YES;
				CLANG_ENABLE_OBJC_ARC = YES;
				CLANG_WARN_BOOL_CONVERSION = YES;
				CLANG_WARN_CONSTANT_CONVERSION = YES;
				CLANG_WARN_DIRECT_OBJC_ISA_USAGE = YES_ERROR;
				CLANG_WARN_EMPTY_BODY = YES;
				CLANG_WARN_ENUM_CONVERSION = YES;
				CLANG_WARN_INT_CONVERSION = YES;
				CLANG_WARN_OBJC_ROOT_CLASS = YES_ERROR;
				CLANG_WARN_UNREACHABLE_CODE = YES;
				CLANG_WARN__DUPLICATE_METHOD_MATCH = YES;
				"CODE_SIGN_IDENTITY[sdk=iphoneos*]" = "iPhone Developer";
				COPY_PHASE_STRIP = NO;
				DEBUG_INFORMATION_FORMAT = "dwarf-with-dsym";
				ENABLE_STRICT_OBJC_MSGSEND = YES;
				GCC_C_LANGUAGE_STANDARD = gnu99;
				GCC_DYNAMIC_NO_PIC = NO;
				GCC_NO_COMMON_BLOCKS = YES;
				GCC_OPTIMIZATION_LEVEL = 0;
				GCC_PREPROCESSOR_DEFINITIONS = (
					"DEBUG=1",
					"$(inherited)",
				);
				GCC_SYMBOLS_PRIVATE_EXTERN = NO;
				GCC_WARN_64_TO_32_BIT_CONVERSION = YES;
				GCC_WARN_ABOUT_RETURN_TYPE = YES_ERROR;
				GCC_WARN_UNDECLARED_SELECTOR = YES;
				GCC_WARN_UNINITIALIZED_AUTOS = YES_AGGRESSIVE;
				GCC_WARN_UNUSED_FUNCTION = YES;
				GCC_WARN_UNUSED_VARIABLE = YES;
				IPHONEOS_DEPLOYMENT_TARGET = 8.4;
				MTL_ENABLE_DEBUG_INFO = YES;
				ONLY_ACTIVE_ARCH = YES;
				SDKROOT = iphoneos;
				SWIFT_OPTIMIZATION_LEVEL = "-Onone";
				TARGETED_DEVICE_FAMILY = "1,2";
			};
			name = Debug;
		};
		23D824BA1B82595D000B1626 /* Release */ = {
			isa = XCBuildConfiguration;
			buildSettings = {
				ALWAYS_SEARCH_USER_PATHS = NO;
				CLANG_CXX_LANGUAGE_STANDARD = "gnu++0x";
				CLANG_CXX_LIBRARY = "libc++";
				CLANG_ENABLE_MODULES = YES;
				CLANG_ENABLE_OBJC_ARC = YES;
				CLANG_WARN_BOOL_CONVERSION = YES;
				CLANG_WARN_CONSTANT_CONVERSION = YES;
				CLANG_WARN_DIRECT_OBJC_ISA_USAGE = YES_ERROR;
				CLANG_WARN_EMPTY_BODY = YES;
				CLANG_WARN_ENUM_CONVERSION = YES;
				CLANG_WARN_INT_CONVERSION = YES;
				CLANG_WARN_OBJC_ROOT_CLASS = YES_ERROR;
				CLANG_WARN_UNREACHABLE_CODE = YES;
				CLANG_WARN__DUPLICATE_METHOD_MATCH = YES;
				"CODE_SIGN_IDENTITY[sdk=iphoneos*]" = "iPhone Developer";
				COPY_PHASE_STRIP = NO;
				DEBUG_INFORMATION_FORMAT = "dwarf-with-dsym";
				ENABLE_NS_ASSERTIONS = NO;
				ENABLE_STRICT_OBJC_MSGSEND = YES;
				GCC_C_LANGUAGE_STANDARD = gnu99;
				GCC_NO_COMMON_BLOCKS = YES;
				GCC_WARN_64_TO_32_BIT_CONVERSION = YES;
				GCC_WARN_ABOUT_RETURN_TYPE = YES_ERROR;
				GCC_WARN_UNDECLARED_SELECTOR = YES;
				GCC_WARN_UNINITIALIZED_AUTOS = YES_AGGRESSIVE;
				GCC_WARN_UNUSED_FUNCTION = YES;
				GCC_WARN_UNUSED_VARIABLE = YES;
				IPHONEOS_DEPLOYMENT_TARGET = 8.4;
				MTL_ENABLE_DEBUG_INFO = NO;
				SDKROOT = iphoneos;
				TARGETED_DEVICE_FAMILY = "1,2";
				VALIDATE_PRODUCT = YES;
			};
			name = Release;
		};
		23D824BC1B82595D000B1626 /* Debug */ = {
			isa = XCBuildConfiguration;
			buildSettings = {
				ASSETCATALOG_COMPILER_APPICON_NAME = AppIcon;
				CODE_SIGN_IDENTITY = "iPhone Developer";
				"CODE_SIGN_IDENTITY[sdk=iphoneos*]" = "iPhone Developer";
				INFOPLIST_FILE = BLECentralTest/Info.plist;
				LD_RUNPATH_SEARCH_PATHS = "$(inherited) @executable_path/Frameworks";
				PRODUCT_NAME = "$(TARGET_NAME)";
				PROVISIONING_PROFILE = "";
			};
			name = Debug;
		};
		23D824BD1B82595D000B1626 /* Release */ = {
			isa = XCBuildConfiguration;
			buildSettings = {
				ASSETCATALOG_COMPILER_APPICON_NAME = AppIcon;
				CODE_SIGN_IDENTITY = "iPhone Developer";
				"CODE_SIGN_IDENTITY[sdk=iphoneos*]" = "iPhone Developer";
				INFOPLIST_FILE = BLECentralTest/Info.plist;
				LD_RUNPATH_SEARCH_PATHS = "$(inherited) @executable_path/Frameworks";
				PRODUCT_NAME = "$(TARGET_NAME)";
				PROVISIONING_PROFILE = "";
			};
			name = Release;
		};
		23D824BF1B82595D000B1626 /* Debug */ = {
			isa = XCBuildConfiguration;
			buildSettings = {
				BUNDLE_LOADER = "$(TEST_HOST)";
				FRAMEWORK_SEARCH_PATHS = (
					"$(SDKROOT)/Developer/Library/Frameworks",
					"$(inherited)",
				);
				GCC_PREPROCESSOR_DEFINITIONS = (
					"DEBUG=1",
					"$(inherited)",
				);
				INFOPLIST_FILE = BLECentralTestTests/Info.plist;
				LD_RUNPATH_SEARCH_PATHS = "$(inherited) @executable_path/Frameworks @loader_path/Frameworks";
				PRODUCT_NAME = "$(TARGET_NAME)";
				TEST_HOST = "$(BUILT_PRODUCTS_DIR)/BLECentralTest.app/BLECentralTest";
			};
			name = Debug;
		};
		23D824C01B82595D000B1626 /* Release */ = {
			isa = XCBuildConfiguration;
			buildSettings = {
				BUNDLE_LOADER = "$(TEST_HOST)";
				FRAMEWORK_SEARCH_PATHS = (
					"$(SDKROOT)/Developer/Library/Frameworks",
					"$(inherited)",
				);
				INFOPLIST_FILE = BLECentralTestTests/Info.plist;
				LD_RUNPATH_SEARCH_PATHS = "$(inherited) @executable_path/Frameworks @loader_path/Frameworks";
				PRODUCT_NAME = "$(TARGET_NAME)";
				TEST_HOST = "$(BUILT_PRODUCTS_DIR)/BLECentralTest.app/BLECentralTest";
			};
			name = Release;
		};
/* End XCBuildConfiguration section */

/* Begin XCConfigurationList section */
		23D824971B82595C000B1626 /* Build configuration list for PBXProject "BLECentralTest" */ = {
			isa = XCConfigurationList;
			buildConfigurations = (
				23D824B91B82595D000B1626 /* Debug */,
				23D824BA1B82595D000B1626 /* Release */,
			);
			defaultConfigurationIsVisible = 0;
			defaultConfigurationName = Release;
		};
		23D824BB1B82595D000B1626 /* Build configuration list for PBXNativeTarget "BLECentralTest" */ = {
			isa = XCConfigurationList;
			buildConfigurations = (
				23D824BC1B82595D000B1626 /* Debug */,
				23D824BD1B82595D000B1626 /* Release */,
			);
			defaultConfigurationIsVisible = 0;
			defaultConfigurationName = Release;
		};
		23D824BE1B82595D000B1626 /* Build configuration list for PBXNativeTarget "BLECentralTestTests" */ = {
			isa = XCConfigurationList;
			buildConfigurations = (
				23D824BF1B82595D000B1626 /* Debug */,
				23D824C01B82595D000B1626 /* Release */,
			);
			defaultConfigurationIsVisible = 0;
			defaultConfigurationName = Release;
		};
/* End XCConfigurationList section */
	};
	rootObject = 23D824941B82595C000B1626 /* Project object */;
}
